<?xml version="1.0" encoding="utf-8"?>
<Project ToolsVersion="4.0" xmlns="http://schemas.microsoft.com/developer/msbuild/2003">
  <ItemGroup>
    <Filter Include="Source Files">
      <UniqueIdentifier>{4FC737F1-C7A5-4376-A066-2A32D752A2FF}</UniqueIdentifier>
      <Extensions>cpp;c;cc;cxx;c++;def;odl;idl;hpj;bat;asm;asmx</Extensions>
    </Filter>
    <Filter Include="Header Files">
      <UniqueIdentifier>{93995380-89BD-4b04-88EB-625FBE52EBFB}</UniqueIdentifier>
      <Extensions>h;hh;hpp;hxx;h++;hm;inl;inc;ipp;xsd</Extensions>
    </Filter>
    <Filter Include="Resource Files">
      <UniqueIdentifier>{67DA6AB6-F800-4c08-8B7A-83BB121AAD01}</UniqueIdentifier>
      <Extensions>rc;ico;cur;bmp;dlg;rc2;rct;bin;rgs;gif;jpg;jpeg;jpe;resx;tiff;tif;png;wav;mfcribbon-ms</Extensions>
    </Filter>
    <Filter Include="lib">
      <UniqueIdentifier>{40adef0d-8f61-4437-88ed-f2c9600c5498}</UniqueIdentifier>
    </Filter>
    <Filter Include="components">
      <UniqueIdentifier>{7836bc7a-1426-4e03-9280-8a0cd4c1a41c}</UniqueIdentifier>
    </Filter>
  </ItemGroup>
  <ItemGroup>
    <ClCompile Include="tigl.cpp">
      <Filter>lib</Filter>
    </ClCompile>
    <ClCompile Include="main.cpp">
      <Filter>Source Files</Filter>
    </ClCompile>
    <ClCompile Include="MoveToComponent.cpp">
      <Filter>components</Filter>
    </ClCompile>
    <ClCompile Include="PlayerComponent.cpp">
      <Filter>components</Filter>
    </ClCompile>
    <ClCompile Include="SpinComponent.cpp">
      <Filter>components</Filter>
    </ClCompile>
    <ClCompile Include="TimerJumper.cpp">
      <Filter>components</Filter>
    </ClCompile>
    <ClCompile Include="DrawComponent.cpp">
      <Filter>components</Filter>
    </ClCompile>
    <ClCompile Include="CubeComponent.cpp">
      <Filter>components</Filter>
    </ClCompile>
    <ClCompile Include="Component.cpp">
      <Filter>components</Filter>
    </ClCompile>
    <ClCompile Include="EnemyComponent.cpp">
      <Filter>components</Filter>
    </ClCompile>
    <ClCompile Include="BoundingBoxComponent.cpp">
      <Filter>components</Filter>
    </ClCompile>
    <ClCompile Include="GameChunk.cpp">
      <Filter>Source Files</Filter>
    </ClCompile>
    <ClCompile Include="GameObject.cpp">
      <Filter>Source Files</Filter>
    </ClCompile>
    <ClCompile Include="FloorComponent.cpp">
      <Filter>components</Filter>
    </ClCompile>
  </ItemGroup>
  <ItemGroup>
    <ClInclude Include="tigl.h">
      <Filter>lib</Filter>
    </ClInclude>
    <ClInclude Include="TimerJumper.h">
      <Filter>components</Filter>
    </ClInclude>
    <ClInclude Include="SpinComponent.h">
      <Filter>components</Filter>
    </ClInclude>
    <ClInclude Include="PlayerComponent.h">
      <Filter>components</Filter>
    </ClInclude>
    <ClInclude Include="MoveToComponent.h">
      <Filter>components</Filter>
    </ClInclude>
    <ClInclude Include="DrawComponent.h">
      <Filter>components</Filter>
    </ClInclude>
    <ClInclude Include="CubeComponent.h">
      <Filter>components</Filter>
    </ClInclude>
    <ClInclude Include="Component.h">
      <Filter>components</Filter>
    </ClInclude>
    <ClInclude Include="EnemyComponent.h">
      <Filter>components</Filter>
    </ClInclude>
    <ClInclude Include="BoundingBoxComponent.h">
      <Filter>components</Filter>
    </ClInclude>
    <ClInclude Include="GameChunk.h">
      <Filter>Header Files</Filter>
    </ClInclude>
    <ClInclude Include="GameObject.h">
      <Filter>Header Files</Filter>
    </ClInclude>
    <ClInclude Include="FloorComponent.h">
      <Filter>Header Files</Filter>
    </ClInclude>
  </ItemGroup>
</Project>